
Microsoft Visual Studio Solution File, Format Version 12.00
Project("{FAE04EC0-301F-11D3-BF4B-00C04F79EFBC}") = "BulletChartSamples", "BulletChartSamples.csproj", "{736BCE85-C63C-451D-8DF5-0E8DB5201FEB}"
EndProject
Global
	GlobalSection(SolutionConfigurationPlatforms) = preSolution
		Debug|Any CPU = Debug|Any CPU
		Release|Any CPU = Release|Any CPU
	EndGlobalSection
	GlobalSection(ProjectConfigurationPlatforms) = postSolution
		{736BCE85-C63C-451D-8DF5-0E8DB5201FEB}.Debug|Any CPU.ActiveCfg = Debug|Any CPU
		{736BCE85-C63C-451D-8DF5-0E8DB5201FEB}.Debug|Any CPU.Build.0 = Debug|Any CPU
		{736BCE85-C63C-451D-8DF5-0E8DB5201FEB}.Release|Any CPU.ActiveCfg = Release|Any CPU
		{736BCE85-C63C-451D-8DF5-0E8DB5201FEB}.Release|Any CPU.Build.0 = Release|Any CPU
	EndGlobalSection
EndGlobal
