
Microsoft Visual Studio Solution File, Format Version 12.00
Project("{FAE04EC0-301F-11D3-BF4B-00C04F79EFBC}") = "ChartTitleAndSubtitle", "ChartTitleAndSubtitle.csproj", "{9C27533B-73AE-46CD-ABFC-125B37F71204}"
EndProject
Global
	GlobalSection(SolutionConfigurationPlatforms) = preSolution
		Debug|Any CPU = Debug|Any CPU
		Release|Any CPU = Release|Any CPU
	EndGlobalSection
	GlobalSection(ProjectConfigurationPlatforms) = postSolution
		{9C27533B-73AE-46CD-ABFC-125B37F71204}.Debug|Any CPU.ActiveCfg = Debug|Any CPU
		{9C27533B-73AE-46CD-ABFC-125B37F71204}.Debug|Any CPU.Build.0 = Debug|Any CPU
		{9C27533B-73AE-46CD-ABFC-125B37F71204}.Release|Any CPU.ActiveCfg = Release|Any CPU
		{9C27533B-73AE-46CD-ABFC-125B37F71204}.Release|Any CPU.Build.0 = Release|Any CPU
	EndGlobalSection
EndGlobal
