
Microsoft Visual Studio Solution File, Format Version 12.00
# Visual Studio Version 17
VisualStudioVersion = 17.0.32112.339
MinimumVisualStudioVersion = 10.0.40219.1
Project("{FAE04EC0-301F-11D3-BF4B-00C04F79EFBC}") = "CircularGaugeUGSample", "CircularGaugeUGSample.csproj", "{AC7E5AC7-95B9-466F-9E94-B49FBF33BB66}"
EndProject
Global
	GlobalSection(SolutionConfigurationPlatforms) = preSolution
		Debug|Any CPU = Debug|Any CPU
		Release|Any CPU = Release|Any CPU
	EndGlobalSection
	GlobalSection(ProjectConfigurationPlatforms) = postSolution
		{AC7E5AC7-95B9-466F-9E94-B49FBF33BB66}.Debug|Any CPU.ActiveCfg = Debug|Any CPU
		{AC7E5AC7-95B9-466F-9E94-B49FBF33BB66}.Debug|Any CPU.Build.0 = Debug|Any CPU
		{AC7E5AC7-95B9-466F-9E94-B49FBF33BB66}.Release|Any CPU.ActiveCfg = Release|Any CPU
		{AC7E5AC7-95B9-466F-9E94-B49FBF33BB66}.Release|Any CPU.Build.0 = Release|Any CPU
	EndGlobalSection
	GlobalSection(SolutionProperties) = preSolution
		HideSolutionNode = FALSE
	EndGlobalSection
	GlobalSection(ExtensibilityGlobals) = postSolution
		SolutionGuid = {83850AB7-6F56-4FFE-8251-400EA7FDDFC0}
	EndGlobalSection
EndGlobal
