
Microsoft Visual Studio Solution File, Format Version 12.00
# Visual Studio Version 17
VisualStudioVersion = 17.0.32112.339
MinimumVisualStudioVersion = 10.0.40219.1
Project("{FAE04EC0-301F-11D3-BF4B-00C04F79EFBC}") = "OverflowandTemplateSample", "OverflowandTemplateSample.csproj", "{8BB05DFE-7C31-45CE-8389-D89A9BA7D028}"
EndProject
Global
	GlobalSection(SolutionConfigurationPlatforms) = preSolution
		Debug|Any CPU = Debug|Any CPU
		Release|Any CPU = Release|Any CPU
	EndGlobalSection
	GlobalSection(ProjectConfigurationPlatforms) = postSolution
		{8BB05DFE-7C31-45CE-8389-D89A9BA7D028}.Debug|Any CPU.ActiveCfg = Debug|Any CPU
		{8BB05DFE-7C31-45CE-8389-D89A9BA7D028}.Debug|Any CPU.Build.0 = Debug|Any CPU
		{8BB05DFE-7C31-45CE-8389-D89A9BA7D028}.Release|Any CPU.ActiveCfg = Release|Any CPU
		{8BB05DFE-7C31-45CE-8389-D89A9BA7D028}.Release|Any CPU.Build.0 = Release|Any CPU
	EndGlobalSection
	GlobalSection(SolutionProperties) = preSolution
		HideSolutionNode = FALSE
	EndGlobalSection
	GlobalSection(ExtensibilityGlobals) = postSolution
		SolutionGuid = {EC2D6157-AD12-459C-AE27-0E394C690334}
	EndGlobalSection
EndGlobal
