
Microsoft Visual Studio Solution File, Format Version 12.00
# Visual Studio Version 17
VisualStudioVersion = 17.0.32112.339
MinimumVisualStudioVersion = 10.0.40219.1
Project("{FAE04EC0-301F-11D3-BF4B-00C04F79EFBC}") = "CarouselUGSample", "CarouselUGSample.csproj", "{49A3A1F8-DB7D-48DA-B556-57B66676EC3D}"
EndProject
Global
	GlobalSection(SolutionConfigurationPlatforms) = preSolution
		Debug|Any CPU = Debug|Any CPU
		Release|Any CPU = Release|Any CPU
	EndGlobalSection
	GlobalSection(ProjectConfigurationPlatforms) = postSolution
		{49A3A1F8-DB7D-48DA-B556-57B66676EC3D}.Debug|Any CPU.ActiveCfg = Debug|Any CPU
		{49A3A1F8-DB7D-48DA-B556-57B66676EC3D}.Debug|Any CPU.Build.0 = Debug|Any CPU
		{49A3A1F8-DB7D-48DA-B556-57B66676EC3D}.Release|Any CPU.ActiveCfg = Release|Any CPU
		{49A3A1F8-DB7D-48DA-B556-57B66676EC3D}.Release|Any CPU.Build.0 = Release|Any CPU
	EndGlobalSection
	GlobalSection(SolutionProperties) = preSolution
		HideSolutionNode = FALSE
	EndGlobalSection
	GlobalSection(ExtensibilityGlobals) = postSolution
		SolutionGuid = {392EFA93-BB27-4B5D-B96B-F23BD84DBE7D}
	EndGlobalSection
EndGlobal
