
Microsoft Visual Studio Solution File, Format Version 12.00
# Visual Studio Version 17
VisualStudioVersion = 17.0.32112.339
MinimumVisualStudioVersion = 10.0.40219.1
Project("{FAE04EC0-301F-11D3-BF4B-00C04F79EFBC}") = "AnnotationandLegendSample", "AnnotationandLegendSample.csproj", "{C92D25F9-BAAD-457C-84A9-70BD3145F573}"
EndProject
Global
	GlobalSection(SolutionConfigurationPlatforms) = preSolution
		Debug|Any CPU = Debug|Any CPU
		Release|Any CPU = Release|Any CPU
	EndGlobalSection
	GlobalSection(ProjectConfigurationPlatforms) = postSolution
		{C92D25F9-BAAD-457C-84A9-70BD3145F573}.Debug|Any CPU.ActiveCfg = Debug|Any CPU
		{C92D25F9-BAAD-457C-84A9-70BD3145F573}.Debug|Any CPU.Build.0 = Debug|Any CPU
		{C92D25F9-BAAD-457C-84A9-70BD3145F573}.Release|Any CPU.ActiveCfg = Release|Any CPU
		{C92D25F9-BAAD-457C-84A9-70BD3145F573}.Release|Any CPU.Build.0 = Release|Any CPU
	EndGlobalSection
	GlobalSection(SolutionProperties) = preSolution
		HideSolutionNode = FALSE
	EndGlobalSection
	GlobalSection(ExtensibilityGlobals) = postSolution
		SolutionGuid = {4B533C68-443A-49F3-879B-18F01966E16C}
	EndGlobalSection
EndGlobal
