
Microsoft Visual Studio Solution File, Format Version 12.00
# Visual Studio Version 17
VisualStudioVersion = 17.9.34728.123
MinimumVisualStudioVersion = 10.0.40219.1
Project("{9A19103F-16F7-4668-BE54-9A1E7A4F7556}") = "GroupPointAnnotationSample", "GroupPointAnnotationSample.csproj", "{C91CF669-73EA-4918-9F01-72220E4F0FB5}"
EndProject
Global
	GlobalSection(SolutionConfigurationPlatforms) = preSolution
		Debug|Any CPU = Debug|Any CPU
		Release|Any CPU = Release|Any CPU
	EndGlobalSection
	GlobalSection(ProjectConfigurationPlatforms) = postSolution
		{C91CF669-73EA-4918-9F01-72220E4F0FB5}.Debug|Any CPU.ActiveCfg = Debug|Any CPU
		{C91CF669-73EA-4918-9F01-72220E4F0FB5}.Debug|Any CPU.Build.0 = Debug|Any CPU
		{C91CF669-73EA-4918-9F01-72220E4F0FB5}.Release|Any CPU.ActiveCfg = Release|Any CPU
		{C91CF669-73EA-4918-9F01-72220E4F0FB5}.Release|Any CPU.Build.0 = Release|Any CPU
	EndGlobalSection
	GlobalSection(SolutionProperties) = preSolution
		HideSolutionNode = FALSE
	EndGlobalSection
	GlobalSection(ExtensibilityGlobals) = postSolution
		SolutionGuid = {D41F01E3-6D3A-41B8-8CD6-4EAB75BA9B95}
	EndGlobalSection
EndGlobal
