
Microsoft Visual Studio Solution File, Format Version 12.00
# Visual Studio Version 17
VisualStudioVersion = 17.9.34728.123
MinimumVisualStudioVersion = 10.0.40219.1
Project("{9A19103F-16F7-4668-BE54-9A1E7A4F7556}") = "AppBarUGSamples", "AppBarUGSamples.csproj", "{040D4126-2AD3-4669-A0E8-B2243FA87CF6}"
EndProject
Global
	GlobalSection(SolutionConfigurationPlatforms) = preSolution
		Debug|Any CPU = Debug|Any CPU
		Release|Any CPU = Release|Any CPU
	EndGlobalSection
	GlobalSection(ProjectConfigurationPlatforms) = postSolution
		{040D4126-2AD3-4669-A0E8-B2243FA87CF6}.Debug|Any CPU.ActiveCfg = Debug|Any CPU
		{040D4126-2AD3-4669-A0E8-B2243FA87CF6}.Debug|Any CPU.Build.0 = Debug|Any CPU
		{040D4126-2AD3-4669-A0E8-B2243FA87CF6}.Release|Any CPU.ActiveCfg = Release|Any CPU
		{040D4126-2AD3-4669-A0E8-B2243FA87CF6}.Release|Any CPU.Build.0 = Release|Any CPU
	EndGlobalSection
	GlobalSection(SolutionProperties) = preSolution
		HideSolutionNode = FALSE
	EndGlobalSection
	GlobalSection(ExtensibilityGlobals) = postSolution
		SolutionGuid = {BEEE74CA-462B-4885-AE81-C93D05A26D9B}
	EndGlobalSection
EndGlobal
