
Microsoft Visual Studio Solution File, Format Version 12.00
# Visual Studio Version 17
VisualStudioVersion = 17.9.34728.123
MinimumVisualStudioVersion = 10.0.40219.1
Project("{9A19103F-16F7-4668-BE54-9A1E7A4F7556}") = "TitlePrintSamples", "TitlePrintSamples.csproj", "{8C05BA34-151A-4076-8C56-D5187C0403B6}"
EndProject
Global
	GlobalSection(SolutionConfigurationPlatforms) = preSolution
		Debug|Any CPU = Debug|Any CPU
		Release|Any CPU = Release|Any CPU
	EndGlobalSection
	GlobalSection(ProjectConfigurationPlatforms) = postSolution
		{8C05BA34-151A-4076-8C56-D5187C0403B6}.Debug|Any CPU.ActiveCfg = Debug|Any CPU
		{8C05BA34-151A-4076-8C56-D5187C0403B6}.Debug|Any CPU.Build.0 = Debug|Any CPU
		{8C05BA34-151A-4076-8C56-D5187C0403B6}.Release|Any CPU.ActiveCfg = Release|Any CPU
		{8C05BA34-151A-4076-8C56-D5187C0403B6}.Release|Any CPU.Build.0 = Release|Any CPU
	EndGlobalSection
	GlobalSection(SolutionProperties) = preSolution
		HideSolutionNode = FALSE
	EndGlobalSection
	GlobalSection(ExtensibilityGlobals) = postSolution
		SolutionGuid = {155816D6-20BC-4B1F-9E00-65CF0B817755}
	EndGlobalSection
EndGlobal
