
Microsoft Visual Studio Solution File, Format Version 12.00
# Visual Studio Version 17
VisualStudioVersion = 17.0.32112.339
MinimumVisualStudioVersion = 10.0.40219.1
Project("{FAE04EC0-301F-11D3-BF4B-00C04F79EFBC}") = "CalendarHowToSample", "CalendarHowToSample.csproj", "{46B0D2B0-A677-415C-B1EB-D0900D5A53DD}"
EndProject
Global
	GlobalSection(SolutionConfigurationPlatforms) = preSolution
		Debug|Any CPU = Debug|Any CPU
		Release|Any CPU = Release|Any CPU
	EndGlobalSection
	GlobalSection(ProjectConfigurationPlatforms) = postSolution
		{46B0D2B0-A677-415C-B1EB-D0900D5A53DD}.Debug|Any CPU.ActiveCfg = Debug|Any CPU
		{46B0D2B0-A677-415C-B1EB-D0900D5A53DD}.Debug|Any CPU.Build.0 = Debug|Any CPU
		{46B0D2B0-A677-415C-B1EB-D0900D5A53DD}.Release|Any CPU.ActiveCfg = Release|Any CPU
		{46B0D2B0-A677-415C-B1EB-D0900D5A53DD}.Release|Any CPU.Build.0 = Release|Any CPU
	EndGlobalSection
	GlobalSection(SolutionProperties) = preSolution
		HideSolutionNode = FALSE
	EndGlobalSection
	GlobalSection(ExtensibilityGlobals) = postSolution
		SolutionGuid = {D4A6F034-5940-4EEB-8570-119109949696}
	EndGlobalSection
EndGlobal
